
Microsoft Visual Studio Solution File, Format Version 12.00
# Visual Studio Version 16
VisualStudioVersion = 16.0.30907.101
MinimumVisualStudioVersion = 10.0.40219.1
Project("{9A19103F-16F7-4668-BE54-9A1E7A4F7556}") = "CoreDemo", "CoreDemo\CoreDemo.csproj", "{38FBC614-7B1F-4C0E-BB15-6A50A408F911}"
EndProject
Project("{9A19103F-16F7-4668-BE54-9A1E7A4F7556}") = "EntityLayer", "EntityLayer\EntityLayer.csproj", "{35D12D3A-9FBE-4A9D-A412-B79A3D8FA225}"
EndProject
Project("{9A19103F-16F7-4668-BE54-9A1E7A4F7556}") = "DataAccessLayer", "DataAccessLayer\DataAccessLayer.csproj", "{FD9AF9D1-5D03-421D-AFFD-104A6EBDBF9C}"
EndProject
Project("{9A19103F-16F7-4668-BE54-9A1E7A4F7556}") = "BusinessLayer", "BusinessLayer\BusinessLayer.csproj", "{EC779BA7-662F-460F-94B8-9990119BC0F8}"
EndProject
Project("{9A19103F-16F7-4668-BE54-9A1E7A4F7556}") = "CoreLayer", "CoreLayer\CoreLayer.csproj", "{40198D51-9328-4B34-B84F-EE2212D31828}"
EndProject
Project("{9A19103F-16F7-4668-BE54-9A1E7A4F7556}") = "BlogApiDemo", "BlogApiDemo\BlogApiDemo.csproj", "{D178C678-5FE2-4AFD-84E3-9FBE9A68740A}"
EndProject
Project("{FAE04EC0-301F-11D3-BF4B-00C04F79EFBC}") = "jwt_core", "jwt_core\jwt_core.csproj", "{849A8351-3105-4C65-ADA0-1AD30548A126}"
EndProject
Global
	GlobalSection(SolutionConfigurationPlatforms) = preSolution
		Debug|Any CPU = Debug|Any CPU
		Release|Any CPU = Release|Any CPU
	EndGlobalSection
	GlobalSection(ProjectConfigurationPlatforms) = postSolution
		{38FBC614-7B1F-4C0E-BB15-6A50A408F911}.Debug|Any CPU.ActiveCfg = Debug|Any CPU
		{38FBC614-7B1F-4C0E-BB15-6A50A408F911}.Debug|Any CPU.Build.0 = Debug|Any CPU
		{38FBC614-7B1F-4C0E-BB15-6A50A408F911}.Release|Any CPU.ActiveCfg = Release|Any CPU
		{38FBC614-7B1F-4C0E-BB15-6A50A408F911}.Release|Any CPU.Build.0 = Release|Any CPU
		{35D12D3A-9FBE-4A9D-A412-B79A3D8FA225}.Debug|Any CPU.ActiveCfg = Debug|Any CPU
		{35D12D3A-9FBE-4A9D-A412-B79A3D8FA225}.Debug|Any CPU.Build.0 = Debug|Any CPU
		{35D12D3A-9FBE-4A9D-A412-B79A3D8FA225}.Release|Any CPU.ActiveCfg = Release|Any CPU
		{35D12D3A-9FBE-4A9D-A412-B79A3D8FA225}.Release|Any CPU.Build.0 = Release|Any CPU
		{FD9AF9D1-5D03-421D-AFFD-104A6EBDBF9C}.Debug|Any CPU.ActiveCfg = Debug|Any CPU
		{FD9AF9D1-5D03-421D-AFFD-104A6EBDBF9C}.Debug|Any CPU.Build.0 = Debug|Any CPU
		{FD9AF9D1-5D03-421D-AFFD-104A6EBDBF9C}.Release|Any CPU.ActiveCfg = Release|Any CPU
		{FD9AF9D1-5D03-421D-AFFD-104A6EBDBF9C}.Release|Any CPU.Build.0 = Release|Any CPU
		{EC779BA7-662F-460F-94B8-9990119BC0F8}.Debug|Any CPU.ActiveCfg = Debug|Any CPU
		{EC779BA7-662F-460F-94B8-9990119BC0F8}.Debug|Any CPU.Build.0 = Debug|Any CPU
		{EC779BA7-662F-460F-94B8-9990119BC0F8}.Release|Any CPU.ActiveCfg = Release|Any CPU
		{EC779BA7-662F-460F-94B8-9990119BC0F8}.Release|Any CPU.Build.0 = Release|Any CPU
		{40198D51-9328-4B34-B84F-EE2212D31828}.Debug|Any CPU.ActiveCfg = Debug|Any CPU
		{40198D51-9328-4B34-B84F-EE2212D31828}.Debug|Any CPU.Build.0 = Debug|Any CPU
		{40198D51-9328-4B34-B84F-EE2212D31828}.Release|Any CPU.ActiveCfg = Release|Any CPU
		{40198D51-9328-4B34-B84F-EE2212D31828}.Release|Any CPU.Build.0 = Release|Any CPU
		{D178C678-5FE2-4AFD-84E3-9FBE9A68740A}.Debug|Any CPU.ActiveCfg = Debug|Any CPU
		{D178C678-5FE2-4AFD-84E3-9FBE9A68740A}.Debug|Any CPU.Build.0 = Debug|Any CPU
		{D178C678-5FE2-4AFD-84E3-9FBE9A68740A}.Release|Any CPU.ActiveCfg = Release|Any CPU
		{D178C678-5FE2-4AFD-84E3-9FBE9A68740A}.Release|Any CPU.Build.0 = Release|Any CPU
		{849A8351-3105-4C65-ADA0-1AD30548A126}.Debug|Any CPU.ActiveCfg = Debug|Any CPU
		{849A8351-3105-4C65-ADA0-1AD30548A126}.Debug|Any CPU.Build.0 = Debug|Any CPU
		{849A8351-3105-4C65-ADA0-1AD30548A126}.Release|Any CPU.ActiveCfg = Release|Any CPU
		{849A8351-3105-4C65-ADA0-1AD30548A126}.Release|Any CPU.Build.0 = Release|Any CPU
	EndGlobalSection
	GlobalSection(SolutionProperties) = preSolution
		HideSolutionNode = FALSE
	EndGlobalSection
	GlobalSection(ExtensibilityGlobals) = postSolution
		SolutionGuid = {76B82045-1BD0-42E4-A825-EA7F4E316C9E}
	EndGlobalSection
EndGlobal
